// !$*UTF8*$!
{
	archiveVersion = 1;
	classes = {
	};
	objectVersion = 55;
	objects = {

/* Begin PBXBuildFile section */
		0121508D2837658A0077FC98 /* AppDelegate.swift in Sources */ = {isa = PBXBuildFile; fileRef = 0121508C2837658A0077FC98 /* AppDelegate.swift */; };
		0121508F2837658A0077FC98 /* SceneDelegate.swift in Sources */ = {isa = PBXBuildFile; fileRef = 0121508E2837658A0077FC98 /* SceneDelegate.swift */; };
		012150962837658B0077FC98 /* Assets.xcassets in Resources */ = {isa = PBXBuildFile; fileRef = 012150952837658B0077FC98 /* Assets.xcassets */; };
		012150992837658B0077FC98 /* LaunchScreen.storyboard in Resources */ = {isa = PBXBuildFile; fileRef = 012150972837658B0077FC98 /* LaunchScreen.storyboard */; };
		01DAC631283A810600385968 /* MainViewController.swift in Sources */ = {isa = PBXBuildFile; fileRef = 01DAC630283A810600385968 /* MainViewController.swift */; };
		01DAC634283A811D00385968 /* MainView.swift in Sources */ = {isa = PBXBuildFile; fileRef = 01DAC633283A811D00385968 /* MainView.swift */; };
		01DAC636283B97BC00385968 /* BigButton.swift in Sources */ = {isa = PBXBuildFile; fileRef = 01DAC635283B97BC00385968 /* BigButton.swift */; };
		01DAC638283BADF900385968 /* ImageViewController.swift in Sources */ = {isa = PBXBuildFile; fileRef = 01DAC637283BADF900385968 /* ImageViewController.swift */; };
		01DAC63A283BAE2900385968 /* DownloadView.swift in Sources */ = {isa = PBXBuildFile; fileRef = 01DAC639283BAE2900385968 /* DownloadView.swift */; };
		01ECA9AD283E15AA00248F8E /* CoursesTableView.swift in Sources */ = {isa = PBXBuildFile; fileRef = 01ECA9AC283E15AA00248F8E /* CoursesTableView.swift */; };
		01ECA9AF283E15BF00248F8E /* CoursesTableViewCell.swift in Sources */ = {isa = PBXBuildFile; fileRef = 01ECA9AE283E15BF00248F8E /* CoursesTableViewCell.swift */; };
		01ECA9B1283E27FA00248F8E /* CoursesViewController.swift in Sources */ = {isa = PBXBuildFile; fileRef = 01ECA9B0283E27FA00248F8E /* CoursesViewController.swift */; };
		01ECA9B3283F752200248F8E /* Course.swift in Sources */ = {isa = PBXBuildFile; fileRef = 01ECA9B2283F752200248F8E /* Course.swift */; };
		01ECA9B5283F7A6A00248F8E /* WebsiteDescription.swift in Sources */ = {isa = PBXBuildFile; fileRef = 01ECA9B4283F7A6A00248F8E /* WebsiteDescription.swift */; };
/* End PBXBuildFile section */

/* Begin PBXFileReference section */
		012150892837658A0077FC98 /* URLSessionDownloadImage.app */ = {isa = PBXFileReference; explicitFileType = wrapper.application; includeInIndex = 0; path = URLSessionDownloadImage.app; sourceTree = BUILT_PRODUCTS_DIR; };
		0121508C2837658A0077FC98 /* AppDelegate.swift */ = {isa = PBXFileReference; lastKnownFileType = sourcecode.swift; path = AppDelegate.swift; sourceTree = "<group>"; };
		0121508E2837658A0077FC98 /* SceneDelegate.swift */ = {isa = PBXFileReference; lastKnownFileType = sourcecode.swift; path = SceneDelegate.swift; sourceTree = "<group>"; };
		012150952837658B0077FC98 /* Assets.xcassets */ = {isa = PBXFileReference; lastKnownFileType = folder.assetcatalog; path = Assets.xcassets; sourceTree = "<group>"; };
		012150982837658B0077FC98 /* Base */ = {isa = PBXFileReference; lastKnownFileType = file.storyboard; name = Base; path = Base.lproj/LaunchScreen.storyboard; sourceTree = "<group>"; };
		0121509A2837658B0077FC98 /* Info.plist */ = {isa = PBXFileReference; lastKnownFileType = text.plist.xml; path = Info.plist; sourceTree = "<group>"; };
		01DAC630283A810600385968 /* MainViewController.swift */ = {isa = PBXFileReference; lastKnownFileType = sourcecode.swift; path = MainViewController.swift; sourceTree = "<group>"; };
		01DAC633283A811D00385968 /* MainView.swift */ = {isa = PBXFileReference; lastKnownFileType = sourcecode.swift; path = MainView.swift; sourceTree = "<group>"; };
		01DAC635283B97BC00385968 /* BigButton.swift */ = {isa = PBXFileReference; lastKnownFileType = sourcecode.swift; path = BigButton.swift; sourceTree = "<group>"; };
		01DAC637283BADF900385968 /* ImageViewController.swift */ = {isa = PBXFileReference; lastKnownFileType = sourcecode.swift; name = ImageViewController.swift; path = ../../../../../ImageViewController.swift; sourceTree = "<group>"; };
		01DAC639283BAE2900385968 /* DownloadView.swift */ = {isa = PBXFileReference; lastKnownFileType = sourcecode.swift; path = DownloadView.swift; sourceTree = "<group>"; };
		01ECA9AC283E15AA00248F8E /* CoursesTableView.swift */ = {isa = PBXFileReference; lastKnownFileType = sourcecode.swift; path = CoursesTableView.swift; sourceTree = "<group>"; };
		01ECA9AE283E15BF00248F8E /* CoursesTableViewCell.swift */ = {isa = PBXFileReference; lastKnownFileType = sourcecode.swift; path = CoursesTableViewCell.swift; sourceTree = "<group>"; };
		01ECA9B0283E27FA00248F8E /* CoursesViewController.swift */ = {isa = PBXFileReference; lastKnownFileType = sourcecode.swift; path = CoursesViewController.swift; sourceTree = "<group>"; };
		01ECA9B2283F752200248F8E /* Course.swift */ = {isa = PBXFileReference; lastKnownFileType = sourcecode.swift; path = Course.swift; sourceTree = "<group>"; };
		01ECA9B4283F7A6A00248F8E /* WebsiteDescription.swift */ = {isa = PBXFileReference; lastKnownFileType = sourcecode.swift; path = WebsiteDescription.swift; sourceTree = "<group>"; };
/* End PBXFileReference section */

/* Begin PBXFrameworksBuildPhase section */
		012150862837658A0077FC98 /* Frameworks */ = {
			isa = PBXFrameworksBuildPhase;
			buildActionMask = 2147483647;
			files = (
			);
			runOnlyForDeploymentPostprocessing = 0;
		};
/* End PBXFrameworksBuildPhase section */

/* Begin PBXGroup section */
		012150802837658A0077FC98 = {
			isa = PBXGroup;
			children = (
				0121508B2837658A0077FC98 /* URLSessionDownloadImage */,
				0121508A2837658A0077FC98 /* Products */,
			);
			sourceTree = "<group>";
		};
		0121508A2837658A0077FC98 /* Products */ = {
			isa = PBXGroup;
			children = (
				012150892837658A0077FC98 /* URLSessionDownloadImage.app */,
			);
			name = Products;
			sourceTree = "<group>";
		};
		0121508B2837658A0077FC98 /* URLSessionDownloadImage */ = {
			isa = PBXGroup;
			children = (
				01ECA9AB283E158D00248F8E /* OurCoursesFlow */,
				01DAC632283A810A00385968 /* MainFlow */,
				0121508C2837658A0077FC98 /* AppDelegate.swift */,
				01DAC635283B97BC00385968 /* BigButton.swift */,
				0121508E2837658A0077FC98 /* SceneDelegate.swift */,
				012150952837658B0077FC98 /* Assets.xcassets */,
				012150972837658B0077FC98 /* LaunchScreen.storyboard */,
				0121509A2837658B0077FC98 /* Info.plist */,
			);
			path = URLSessionDownloadImage;
			sourceTree = "<group>";
		};
		01DAC632283A810A00385968 /* MainFlow */ = {
			isa = PBXGroup;
			children = (
				01DAC630283A810600385968 /* MainViewController.swift */,
				01DAC633283A811D00385968 /* MainView.swift */,
				01DAC637283BADF900385968 /* ImageViewController.swift */,
				01DAC639283BAE2900385968 /* DownloadView.swift */,
			);
			path = MainFlow;
			sourceTree = "<group>";
		};
		01ECA9AB283E158D00248F8E /* OurCoursesFlow */ = {
			isa = PBXGroup;
			children = (
				01ECA9AC283E15AA00248F8E /* CoursesTableView.swift */,
				01ECA9B4283F7A6A00248F8E /* WebsiteDescription.swift */,
				01ECA9AE283E15BF00248F8E /* CoursesTableViewCell.swift */,
				01ECA9B0283E27FA00248F8E /* CoursesViewController.swift */,
				01ECA9B2283F752200248F8E /* Course.swift */,
			);
			path = OurCoursesFlow;
			sourceTree = "<group>";
		};
/* End PBXGroup section */

/* Begin PBXNativeTarget section */
		012150882837658A0077FC98 /* URLSessionDownloadImage */ = {
			isa = PBXNativeTarget;
			buildConfigurationList = 0121509D2837658B0077FC98 /* Build configuration list for PBXNativeTarget "URLSessionDownloadImage" */;
			buildPhases = (
				012150852837658A0077FC98 /* Sources */,
				012150862837658A0077FC98 /* Frameworks */,
				012150872837658A0077FC98 /* Resources */,
			);
			buildRules = (
			);
			dependencies = (
			);
			name = URLSessionDownloadImage;
			productName = URLSessionDownloadImage;
			productReference = 012150892837658A0077FC98 /* URLSessionDownloadImage.app */;
			productType = "com.apple.product-type.application";
		};
/* End PBXNativeTarget section */

/* Begin PBXProject section */
		012150812837658A0077FC98 /* Project object */ = {
			isa = PBXProject;
			attributes = {
				BuildIndependentTargetsInParallel = 1;
				LastSwiftUpdateCheck = 1340;
				LastUpgradeCheck = 1340;
				TargetAttributes = {
					012150882837658A0077FC98 = {
						CreatedOnToolsVersion = 13.4;
					};
				};
			};
			buildConfigurationList = 012150842837658A0077FC98 /* Build configuration list for PBXProject "URLSessionDownloadImage" */;
			compatibilityVersion = "Xcode 13.0";
			developmentRegion = en;
			hasScannedForEncodings = 0;
			knownRegions = (
				en,
				Base,
			);
			mainGroup = 012150802837658A0077FC98;
			productRefGroup = 0121508A2837658A0077FC98 /* Products */;
			projectDirPath = "";
			projectRoot = "";
			targets = (
				012150882837658A0077FC98 /* URLSessionDownloadImage */,
			);
		};
/* End PBXProject section */

/* Begin PBXResourcesBuildPhase section */
		012150872837658A0077FC98 /* Resources */ = {
			isa = PBXResourcesBuildPhase;
			buildActionMask = 2147483647;
			files = (
				012150992837658B0077FC98 /* LaunchScreen.storyboard in Resources */,
				012150962837658B0077FC98 /* Assets.xcassets in Resources */,
			);
			runOnlyForDeploymentPostprocessing = 0;
		};
/* End PBXResourcesBuildPhase section */

/* Begin PBXSourcesBuildPhase section */
		012150852837658A0077FC98 /* Sources */ = {
			isa = PBXSourcesBuildPhase;
			buildActionMask = 2147483647;
			files = (
				01ECA9AD283E15AA00248F8E /* CoursesTableView.swift in Sources */,
				01ECA9B3283F752200248F8E /* Course.swift in Sources */,
				01ECA9B5283F7A6A00248F8E /* WebsiteDescription.swift in Sources */,
				01DAC631283A810600385968 /* MainViewController.swift in Sources */,
				01DAC634283A811D00385968 /* MainView.swift in Sources */,
				01ECA9AF283E15BF00248F8E /* CoursesTableViewCell.swift in Sources */,
				0121508D2837658A0077FC98 /* AppDelegate.swift in Sources */,
				01DAC63A283BAE2900385968 /* DownloadView.swift in Sources */,
				01DAC636283B97BC00385968 /* BigButton.swift in Sources */,
				01DAC638283BADF900385968 /* ImageViewController.swift in Sources */,
				0121508F2837658A0077FC98 /* SceneDelegate.swift in Sources */,
				01ECA9B1283E27FA00248F8E /* CoursesViewController.swift in Sources */,
			);
			runOnlyForDeploymentPostprocessing = 0;
		};
/* End PBXSourcesBuildPhase section */

/* Begin PBXVariantGroup section */
		012150972837658B0077FC98 /* LaunchScreen.storyboard */ = {
			isa = PBXVariantGroup;
			children = (
				012150982837658B0077FC98 /* Base */,
			);
			name = LaunchScreen.storyboard;
			sourceTree = "<group>";
		};
/* End PBXVariantGroup section */

/* Begin XCBuildConfiguration section */
		0121509B2837658B0077FC98 /* Debug */ = {
			isa = XCBuildConfiguration;
			buildSettings = {
				ALWAYS_SEARCH_USER_PATHS = NO;
				CLANG_ANALYZER_NONNULL = YES;
				CLANG_ANALYZER_NUMBER_OBJECT_CONVERSION = YES_AGGRESSIVE;
				CLANG_CXX_LANGUAGE_STANDARD = "gnu++17";
				CLANG_ENABLE_MODULES = YES;
				CLANG_ENABLE_OBJC_ARC = YES;
				CLANG_ENABLE_OBJC_WEAK = YES;
				CLANG_WARN_BLOCK_CAPTURE_AUTORELEASING = YES;
				CLANG_WARN_BOOL_CONVERSION = YES;
				CLANG_WARN_COMMA = YES;
				CLANG_WARN_CONSTANT_CONVERSION = YES;
				CLANG_WARN_DEPRECATED_OBJC_IMPLEMENTATIONS = YES;
				CLANG_WARN_DIRECT_OBJC_ISA_USAGE = YES_ERROR;
				CLANG_WARN_DOCUMENTATION_COMMENTS = YES;
				CLANG_WARN_EMPTY_BODY = YES;
				CLANG_WARN_ENUM_CONVERSION = YES;
				CLANG_WARN_INFINITE_RECURSION = YES;
				CLANG_WARN_INT_CONVERSION = YES;
				CLANG_WARN_NON_LITERAL_NULL_CONVERSION = YES;
				CLANG_WARN_OBJC_IMPLICIT_RETAIN_SELF = YES;
				CLANG_WARN_OBJC_LITERAL_CONVERSION = YES;
				CLANG_WARN_OBJC_ROOT_CLASS = YES_ERROR;
				CLANG_WARN_QUOTED_INCLUDE_IN_FRAMEWORK_HEADER = YES;
				CLANG_WARN_RANGE_LOOP_ANALYSIS = YES;
				CLANG_WARN_STRICT_PROTOTYPES = YES;
				CLANG_WARN_SUSPICIOUS_MOVE = YES;
				CLANG_WARN_UNGUARDED_AVAILABILITY = YES_AGGRESSIVE;
				CLANG_WARN_UNREACHABLE_CODE = YES;
				CLANG_WARN__DUPLICATE_METHOD_MATCH = YES;
				COPY_PHASE_STRIP = NO;
				DEBUG_INFORMATION_FORMAT = dwarf;
				ENABLE_STRICT_OBJC_MSGSEND = YES;
				ENABLE_TESTABILITY = YES;
				GCC_C_LANGUAGE_STANDARD = gnu11;
				GCC_DYNAMIC_NO_PIC = NO;
				GCC_NO_COMMON_BLOCKS = YES;
				GCC_OPTIMIZATION_LEVEL = 0;
				GCC_PREPROCESSOR_DEFINITIONS = (
					"DEBUG=1",
					"$(inherited)",
				);
				GCC_WARN_64_TO_32_BIT_CONVERSION = YES;
				GCC_WARN_ABOUT_RETURN_TYPE = YES_ERROR;
				GCC_WARN_UNDECLARED_SELECTOR = YES;
				GCC_WARN_UNINITIALIZED_AUTOS = YES_AGGRESSIVE;
				GCC_WARN_UNUSED_FUNCTION = YES;
				GCC_WARN_UNUSED_VARIABLE = YES;
				IPHONEOS_DEPLOYMENT_TARGET = 15.5;
				MTL_ENABLE_DEBUG_INFO = INCLUDE_SOURCE;
				MTL_FAST_MATH = YES;
				ONLY_ACTIVE_ARCH = YES;
				SDKROOT = iphoneos;
				SWIFT_ACTIVE_COMPILATION_CONDITIONS = DEBUG;
				SWIFT_OPTIMIZATION_LEVEL = "-Onone";
			};
			name = Debug;
		};
		0121509C2837658B0077FC98 /* Release */ = {
			isa = XCBuildConfiguration;
			buildSettings = {
				ALWAYS_SEARCH_USER_PATHS = NO;
				CLANG_ANALYZER_NONNULL = YES;
				CLANG_ANALYZER_NUMBER_OBJECT_CONVERSION = YES_AGGRESSIVE;
				CLANG_CXX_LANGUAGE_STANDARD = "gnu++17";
				CLANG_ENABLE_MODULES = YES;
				CLANG_ENABLE_OBJC_ARC = YES;
				CLANG_ENABLE_OBJC_WEAK = YES;
				CLANG_WARN_BLOCK_CAPTURE_AUTORELEASING = YES;
				CLANG_WARN_BOOL_CONVERSION = YES;
				CLANG_WARN_COMMA = YES;
				CLANG_WARN_CONSTANT_CONVERSION = YES;
				CLANG_WARN_DEPRECATED_OBJC_IMPLEMENTATIONS = YES;
				CLANG_WARN_DIRECT_OBJC_ISA_USAGE = YES_ERROR;
				CLANG_WARN_DOCUMENTATION_COMMENTS = YES;
				CLANG_WARN_EMPTY_BODY = YES;
				CLANG_WARN_ENUM_CONVERSION = YES;
				CLANG_WARN_INFINITE_RECURSION = YES;
				CLANG_WARN_INT_CONVERSION = YES;
				CLANG_WARN_NON_LITERAL_NULL_CONVERSION = YES;
				CLANG_WARN_OBJC_IMPLICIT_RETAIN_SELF = YES;
				CLANG_WARN_OBJC_LITERAL_CONVERSION = YES;
				CLANG_WARN_OBJC_ROOT_CLASS = YES_ERROR;
				CLANG_WARN_QUOTED_INCLUDE_IN_FRAMEWORK_HEADER = YES;
				CLANG_WARN_RANGE_LOOP_ANALYSIS = YES;
				CLANG_WARN_STRICT_PROTOTYPES = YES;
				CLANG_WARN_SUSPICIOUS_MOVE = YES;
				CLANG_WARN_UNGUARDED_AVAILABILITY = YES_AGGRESSIVE;
				CLANG_WARN_UNREACHABLE_CODE = YES;
				CLANG_WARN__DUPLICATE_METHOD_MATCH = YES;
				COPY_PHASE_STRIP = NO;
				DEBUG_INFORMATION_FORMAT = "dwarf-with-dsym";
				ENABLE_NS_ASSERTIONS = NO;
				ENABLE_STRICT_OBJC_MSGSEND = YES;
				GCC_C_LANGUAGE_STANDARD = gnu11;
				GCC_NO_COMMON_BLOCKS = YES;
				GCC_WARN_64_TO_32_BIT_CONVERSION = YES;
				GCC_WARN_ABOUT_RETURN_TYPE = YES_ERROR;
				GCC_WARN_UNDECLARED_SELECTOR = YES;
				GCC_WARN_UNINITIALIZED_AUTOS = YES_AGGRESSIVE;
				GCC_WARN_UNUSED_FUNCTION = YES;
				GCC_WARN_UNUSED_VARIABLE = YES;
				IPHONEOS_DEPLOYMENT_TARGET = 15.5;
				MTL_ENABLE_DEBUG_INFO = NO;
				MTL_FAST_MATH = YES;
				SDKROOT = iphoneos;
				SWIFT_COMPILATION_MODE = wholemodule;
				SWIFT_OPTIMIZATION_LEVEL = "-O";
				VALIDATE_PRODUCT = YES;
			};
			name = Release;
		};
		0121509E2837658B0077FC98 /* Debug */ = {
			isa = XCBuildConfiguration;
			buildSettings = {
				ASSETCATALOG_COMPILER_APPICON_NAME = AppIcon;
				ASSETCATALOG_COMPILER_GLOBAL_ACCENT_COLOR_NAME = AccentColor;
				CODE_SIGN_STYLE = Automatic;
				CURRENT_PROJECT_VERSION = 1;
				DEVELOPMENT_TEAM = 8BFJ4VQ97J;
				GENERATE_INFOPLIST_FILE = YES;
				INFOPLIST_FILE = URLSessionDownloadImage/Info.plist;
				INFOPLIST_KEY_UIApplicationSupportsIndirectInputEvents = YES;
				INFOPLIST_KEY_UILaunchStoryboardName = LaunchScreen;
				INFOPLIST_KEY_UISupportedInterfaceOrientations = UIInterfaceOrientationPortrait;
				INFOPLIST_KEY_UISupportedInterfaceOrientations_iPad = "UIInterfaceOrientationPortrait UIInterfaceOrientationPortraitUpsideDown UIInterfaceOrientationLandscapeLeft UIInterfaceOrientationLandscapeRight";
				INFOPLIST_KEY_UISupportedInterfaceOrientations_iPhone = "UIInterfaceOrientationPortrait UIInterfaceOrientationLandscapeLeft UIInterfaceOrientationLandscapeRight";
				LD_RUNPATH_SEARCH_PATHS = (
					"$(inherited)",
					"@executable_path/Frameworks",
				);
				MARKETING_VERSION = 1.0;
				PRODUCT_BUNDLE_IDENTIFIER = com.practice.URLSessionDownloadImage;
				PRODUCT_NAME = "$(TARGET_NAME)";
				SWIFT_EMIT_LOC_STRINGS = YES;
				SWIFT_VERSION = 5.0;
				TARGETED_DEVICE_FAMILY = 1;
			};
			name = Debug;
		};
		0121509F2837658B0077FC98 /* Release */ = {
			isa = XCBuildConfiguration;
			buildSettings = {
				ASSETCATALOG_COMPILER_APPICON_NAME = AppIcon;
				ASSETCATALOG_COMPILER_GLOBAL_ACCENT_COLOR_NAME = AccentColor;
				CODE_SIGN_STYLE = Automatic;
				CURRENT_PROJECT_VERSION = 1;
				DEVELOPMENT_TEAM = 8BFJ4VQ97J;
				GENERATE_INFOPLIST_FILE = YES;
				INFOPLIST_FILE = URLSessionDownloadImage/Info.plist;
				INFOPLIST_KEY_UIApplicationSupportsIndirectInputEvents = YES;
				INFOPLIST_KEY_UILaunchStoryboardName = LaunchScreen;
				INFOPLIST_KEY_UISupportedInterfaceOrientations = UIInterfaceOrientationPortrait;
				INFOPLIST_KEY_UISupportedInterfaceOrientations_iPad = "UIInterfaceOrientationPortrait UIInterfaceOrientationPortraitUpsideDown UIInterfaceOrientationLandscapeLeft UIInterfaceOrientationLandscapeRight";
				INFOPLIST_KEY_UISupportedInterfaceOrientations_iPhone = "UIInterfaceOrientationPortrait UIInterfaceOrientationLandscapeLeft UIInterfaceOrientationLandscapeRight";
				LD_RUNPATH_SEARCH_PATHS = (
					"$(inherited)",
					"@executable_path/Frameworks",
				);
				MARKETING_VERSION = 1.0;
				PRODUCT_BUNDLE_IDENTIFIER = com.practice.URLSessionDownloadImage;
				PRODUCT_NAME = "$(TARGET_NAME)";
				SWIFT_EMIT_LOC_STRINGS = YES;
				SWIFT_VERSION = 5.0;
				TARGETED_DEVICE_FAMILY = 1;
			};
			name = Release;
		};
/* End XCBuildConfiguration section */

/* Begin XCConfigurationList section */
		012150842837658A0077FC98 /* Build configuration list for PBXProject "URLSessionDownloadImage" */ = {
			isa = XCConfigurationList;
			buildConfigurations = (
				0121509B2837658B0077FC98 /* Debug */,
				0121509C2837658B0077FC98 /* Release */,
			);
			defaultConfigurationIsVisible = 0;
			defaultConfigurationName = Release;
		};
		0121509D2837658B0077FC98 /* Build configuration list for PBXNativeTarget "URLSessionDownloadImage" */ = {
			isa = XCConfigurationList;
			buildConfigurations = (
				0121509E2837658B0077FC98 /* Debug */,
				0121509F2837658B0077FC98 /* Release */,
			);
			defaultConfigurationIsVisible = 0;
			defaultConfigurationName = Release;
		};
/* End XCConfigurationList section */
	};
	rootObject = 012150812837658A0077FC98 /* Project object */;
}
